
Microsoft Visual Studio Solution File, Format Version 12.00
# Visual Studio Version 16
VisualStudioVersion = 16.0.31729.503
MinimumVisualStudioVersion = 10.0.40219.1
Project("{FAE04EC0-301F-11D3-BF4B-00C04F79EFBC}") = "School Project", "School Project\School Project.csproj", "{B62E1995-5B18-4827-9825-F7DAF475A979}"
EndProject
Global
	GlobalSection(SolutionConfigurationPlatforms) = preSolution
		Debug|Any CPU = Debug|Any CPU
		Release|Any CPU = Release|Any CPU
	EndGlobalSection
	GlobalSection(ProjectConfigurationPlatforms) = postSolution
		{B62E1995-5B18-4827-9825-F7DAF475A979}.Debug|Any CPU.ActiveCfg = Debug|Any CPU
		{B62E1995-5B18-4827-9825-F7DAF475A979}.Debug|Any CPU.Build.0 = Debug|Any CPU
		{B62E1995-5B18-4827-9825-F7DAF475A979}.Release|Any CPU.ActiveCfg = Release|Any CPU
		{B62E1995-5B18-4827-9825-F7DAF475A979}.Release|Any CPU.Build.0 = Release|Any CPU
	EndGlobalSection
	GlobalSection(SolutionProperties) = preSolution
		HideSolutionNode = FALSE
	EndGlobalSection
	GlobalSection(ExtensibilityGlobals) = postSolution
		SolutionGuid = {A92023A8-4201-4BE6-99C1-BDB607B2F76E}
	EndGlobalSection
EndGlobal
